
Microsoft Visual Studio Solution File, Format Version 12.00
# Visual Studio Version 17
VisualStudioVersion = 17.14.37012.4 d17.14
MinimumVisualStudioVersion = 10.0.40219.1
Project("{FAE04EC0-301F-11D3-BF4B-00C04F79EFBC}") = "BMI Calculator", "BMI Calculator\BMI Calculator.csproj", "{EF9A1541-1251-42E1-8843-6E4EDC210E9C}"
EndProject
Global
	GlobalSection(SolutionConfigurationPlatforms) = preSolution
		Debug|Any CPU = Debug|Any CPU
		Release|Any CPU = Release|Any CPU
	EndGlobalSection
	GlobalSection(ProjectConfigurationPlatforms) = postSolution
		{EF9A1541-1251-42E1-8843-6E4EDC210E9C}.Debug|Any CPU.ActiveCfg = Debug|Any CPU
		{EF9A1541-1251-42E1-8843-6E4EDC210E9C}.Debug|Any CPU.Build.0 = Debug|Any CPU
		{EF9A1541-1251-42E1-8843-6E4EDC210E9C}.Release|Any CPU.ActiveCfg = Release|Any CPU
		{EF9A1541-1251-42E1-8843-6E4EDC210E9C}.Release|Any CPU.Build.0 = Release|Any CPU
	EndGlobalSection
	GlobalSection(SolutionProperties) = preSolution
		HideSolutionNode = FALSE
	EndGlobalSection
	GlobalSection(ExtensibilityGlobals) = postSolution
		SolutionGuid = {F86B4806-B0FA-4879-A305-99D5DECE904A}
	EndGlobalSection
EndGlobal
